
Microsoft Visual Studio Solution File, Format Version 12.00
# Visual Studio Version 16
VisualStudioVersion = 16.0.29209.62
MinimumVisualStudioVersion = 10.0.40219.1
Project("{FAE04EC0-301F-11D3-BF4B-00C04F79EFBC}") = "RenameFileName", "RenameFileName\RenameFileName.csproj", "{ECA1E6CC-E85D-407B-BD92-F8D9AC9939F9}"
EndProject
Global
	GlobalSection(SolutionConfigurationPlatforms) = preSolution
		Debug|Any CPU = Debug|Any CPU
		Release|Any CPU = Release|Any CPU
	EndGlobalSection
	GlobalSection(ProjectConfigurationPlatforms) = postSolution
		{ECA1E6CC-E85D-407B-BD92-F8D9AC9939F9}.Debug|Any CPU.ActiveCfg = Debug|Any CPU
		{ECA1E6CC-E85D-407B-BD92-F8D9AC9939F9}.Debug|Any CPU.Build.0 = Debug|Any CPU
		{ECA1E6CC-E85D-407B-BD92-F8D9AC9939F9}.Release|Any CPU.ActiveCfg = Release|Any CPU
		{ECA1E6CC-E85D-407B-BD92-F8D9AC9939F9}.Release|Any CPU.Build.0 = Release|Any CPU
	EndGlobalSection
	GlobalSection(SolutionProperties) = preSolution
		HideSolutionNode = FALSE
	EndGlobalSection
	GlobalSection(ExtensibilityGlobals) = postSolution
		SolutionGuid = {88BADD36-6D08-4393-89E4-0CABA1A1914E}
	EndGlobalSection
EndGlobal
